version = 1
revision = 3
requires-python = "==3.13.*"

[[package]]
name = "alembic"
version = "1.20.0"
source = { registry = "https://pypi.org/simple" }
dependencies = [
    { name = "mako" },
    { name = "sqlalchemy" },
    { name = "typing-extensions" },
]
sdist = { url = "https://files.pythonhosted.org/packages/ed/aa/02910bdb8e2f1444f6654d5b296cd827d126f82209050ee7b1000f92ac4b/alembic-1.20.0.tar.gz", hash = "sha256:db505480647bc60386c5369402f4a57a506b7539c9e9ef5e270d45cbbe4939bf", size = 2093272, upload-time = "2026-09-11T19:09:11.126Z" }
wheels = [
    { url = "https://files.pythonhosted.org/packages/3f/27/78a89b55b0904d222183164e079b4ca56208e94eff1d35ad1f1ad5be9b06/alembic-1.20.0-py3-none-any.whl", hash = "sha256:77eb101048d95f982c0353e9233404889dcd7a6fc244c107836c0e2fc9cf7d9d", size = 268719, upload-time = "2026-09-11T19:09:12.88Z" },
]

[[package]]
name = "annotated-types"
version = "0.8.0"
source = { registry = "https://pypi.org/simple" }
sdist = { url = "https://files.pythonhosted.org/packages/5f/56/a8120250d128bed162cd73c76d45f6ef9991f3e068f62a8ee060afa3104a/annotated_types-0.8.0.tar.gz", hash = "sha256:13b2beaad985e05e2d6407ee4c4f35590b11f8d693a258a561055cac8f64cab7", size = 15893, upload-time = "2026-07-23T20:16:13.995Z" }
wheels = [
    { url = "https://files.pythonhosted.org/packages/99/91/8acff4f5e50511b911bbccb72b8628a49c68ce14148cd9f6431094859a90/annotated_types-0.8.0-py3-none-any.whl", hash = "sha256:f072f4d804ea359e4eaf198b1af7a8b0943881a87f31bb764f8bf219bb9419e0", size = 13427, upload-time = "2026-07-23T20:16:12.938Z" },
]

[[package]]
name = "certifi"
version = "2026.7.22"
source = { registry = "https://pypi.org/simple" }
sdist = { url = "https://files.pythonhosted.org/packages/a3/c2/24167ea9858356b47a87a50d39908bfdb72ceeefe0041586e704e5376b3a/certifi-2026.7.22.tar.gz", hash = "sha256:741e2c3b351ddf169a738da9f2c048608ff7f2c5cc02f1ebc6b118bb090d5d55", size = 138112, upload-time = "2026-07-22T03:35:12.644Z" }
wheels = [
    { url = "https://files.pythonhosted.org/packages/0b/a7/71ac2cff56fec219ed242bb11b8efb69fcc4bec75db06fb7bfe35de520e6/certifi-2026.7.22-py3-none-any.whl", hash = "sha256:62f22742b58a1a33014a2b6b706588a8d7e2a88ae7bd1a6ebe8c992928483775", size = 136983, upload-time = "2026-07-22T03:35:11.276Z" },
]

[[package]]
name = "charset-normalizer"
version = "3.5.2"
source = { registry = "https://pypi.org/simple" }
sdist = { url = "https://files.pythonhosted.org/packages/33/1c/f41d4e74c28ab327ff3acd36053f7ea506c55872d7a90b0fa71aa3ab0c89/charset_normalizer-3.5.2.tar.gz", hash = "sha256:39de2a259fc954455c57274dc94c79d5842774e1247a016aff30bc0efed0f4ef", size = 172659, upload-time = "2026-09-30T04:39:23.398Z" }
wheels = [
    { url = "https://files.pythonhosted.org/packages/c5/34/68292d68512768591aaff07c59bb53ee31341c87759433a859c4641a50c2/charset_normalizer-3.5.2-cp313-cp313-android_24_arm64_v8a.whl", hash = "sha256:ed905975ab14056a2e5eb1c376cb2e1ebc5396baf84163939c518556fccde9f5", size = 225946, upload-time = "2026-09-30T04:35:55.313Z" },
    { url = "https://files.pythonhosted.org/packages/e3/80/bee0b01b90ccd5322ae1d0abb33fab1bd95b7c2eadaf02aeccf22e04ee83/charset_normalizer-3.5.2-cp313-cp313-android_24_x86_64.whl", hash = "sha256:a66c3bc5ab1f0ff2164fc9965ddd611ff0802173f4b9d24554c563f6ab7e1d6e", size = 238619, upload-time = "2026-09-30T04:35:56.863Z" },
    { url = "https://files.pythonhosted.org/packages/78/6e/60ce52a85a7fd631ae8482ae6d74521014ca2f255892679484dc04d7ef56/charset_normalizer-3.5.2-cp313-cp313-ios_13_0_arm64_iphoneos.whl", hash = "sha256:d2374b62878abb00cd8309b32af6c0b715cd02dec0ca74ef12e5069bdc64144a", size = 206701, upload-time = "2026-09-30T04:35:58.639Z" },
    { url = "https://files.pythonhosted.org/packages/36/8c/71aafad23f971afc84c2b295bc0c560739ce1dac558aad9fec22e39f3639/charset_normalizer-3.5.2-cp313-cp313-ios_13_0_arm64_iphonesimulator.whl", hash = "sha256:d376bbd28b3a8999db1a103b3b388aee6f1ddeb3e51bc2172993efdcd86e064d", size = 210506, upload-time = "2026-09-30T04:36:00.147Z" },
    { url = "https://files.pythonhosted.org/packages/91/da/3c5a7798c046df7d2d68ad653cf5b6c5a8bfee225055a843c6f2f42aac1a/charset_normalizer-3.5.2-cp313-cp313-macosx_10_13_universal2.whl", hash = "sha256:6045373d5a89a5ec71afde535db987ca28e76dfa276c2d4c818265b375d4b055", size = 366626, upload-time = "2026-09-30T04:36:01.77Z" },
    { url = "https://files.pythonhosted.org/packages/e1/16/710ac3de2ee354e2bd1a9c94efe45a2d27b5c6ad39b2d6a905be2c094b6c/charset_normalizer-3.5.2-cp313-cp313-manylinux2014_aarch64.manylinux_2_17_aarch64.manylinux_2_28_aarch64.whl", hash = "sha256:849df64e889b2e17230d58410a03dba311a65b163508fd33679b2b737d4b7858", size = 244624, upload-time = "2026-09-30T04:36:03.389Z" },
    { url = "https://files.pythonhosted.org/packages/d6/39/45c7439f5b63d24f7d5b2a1d760f34af7628782d7144b4cc8ded45c2d4bc/charset_normalizer-3.5.2-cp313-cp313-manylinux2014_armv7l.manylinux_2_17_armv7l.manylinux_2_31_armv7l.whl", hash = "sha256:15c44f7edfd477b06f517a5cc317fc1707edb9de2c865f43d4b6513907473234", size = 235731, upload-time = "2026-09-30T04:36:04.987Z" },
    { url = "https://files.pythonhosted.org/packages/4d/34/38f3154785ce92e9f56eb226f4d35bdfae6b008480dd055f58837a89c810/charset_normalizer-3.5.2-cp313-cp313-manylinux2014_ppc64le.manylinux_2_17_ppc64le.manylinux_2_28_ppc64le.whl", hash = "sha256:a89012d6d5476ee112d20d998570ed58df2260a852afb1758809cd6900411d21", size = 270352, upload-time = "2026-09-30T04:36:06.412Z" },
    { url = "https://files.pythonhosted.org/packages/04/f3/859f74e7babc977705026b30593b3be04049632a522fb7000f83c033d747/charset_normalizer-3.5.2-cp313-cp313-manylinux2014_s390x.manylinux_2_17_s390x.manylinux_2_28_s390x.whl", hash = "sha256:0c951d5e6dd9c2ff60609476752bee49da4206adde960ebc247766937f72e718", size = 267393, upload-time = "2026-09-30T04:36:07.865Z" },
    { url = "https://files.pythonhosted.org/packages/4b/85/41d27f234b82e47c167a5f6c0f62501dc0c640585ff4aba79e08a390336a/charset_normalizer-3.5.2-cp313-cp313-manylinux2014_x86_64.manylinux_2_17_x86_64.manylinux_2_28_x86_64.whl", hash = "sha256:7218e8f32b0956cfcd048fd42d9d5779809745ca1d86113ca56f66e7ae1549c4", size = 254660, upload-time = "2026-09-30T04:36:09.248Z" },
    { url = "https://files.pythonhosted.org/packages/58/ca/5d1a997587febe5b26d8daffe363b5c1a091cece19828eec6502fd09c5ef/charset_normalizer-3.5.2-cp313-cp313-manylinux_2_31_riscv64.manylinux_2_39_riscv64.whl", hash = "sha256:a19a731138fc27d5682277d3b9df22855cea1239bce7fcec5f78f42ef2d1f3c3", size = 249996, upload-time = "2026-09-30T04:36:10.73Z" },
    { url = "https://files.pythonhosted.org/packages/b3/1f/d1e78246f7ed60c8c8d606b4ac27f66ce49cc3e95f24893ccbeba9f77302/charset_normalizer-3.5.2-cp313-cp313-musllinux_1_2_aarch64.whl", hash = "sha256:62603db9a7caa0802eaa28c1c46fecd7b3a263a774069c24c3c28c302448721c", size = 247028, upload-time = "2026-09-30T04:36:12.294Z" },
    { url = "https://files.pythonhosted.org/packages/8e/37/eba316edd4f0c4d3a5d945924c4eeeae59abac4056aa815d8a4268f863a2/charset_normalizer-3.5.2-cp313-cp313-musllinux_1_2_armv7l.whl", hash = "sha256:b6856554c4f44d79fc2307d5768854310a8f0096e501c75637542c82292b0429", size = 240562, upload-time = "2026-09-30T04:36:13.887Z" },
    { url = "https://files.pythonhosted.org/packages/c8/8e/aaa037d40ca9ef045977f1a661048b1aa33f223adfce3452fe9be9f79d14/charset_normalizer-3.5.2-cp313-cp313-musllinux_1_2_ppc64le.whl", hash = "sha256:1bc0baf5ef96b6ede57d47f4b8fe4d9d84019c3bfcbeb20a41edc6a6ee341f1f", size = 271699, upload-time = "2026-09-30T04:36:15.41Z" },
    { url = "https://files.pythonhosted.org/packages/26/19/1c1c9f75974adf523b87f34b8a2adc5a435cd65916812bcbd0dfa45f9a29/charset_normalizer-3.5.2-cp313-cp313-musllinux_1_2_riscv64.whl", hash = "sha256:56bc200a365efb37383b7852e4cc5898d3b2da5987289b543956cf8cad71018a", size = 252030, upload-time = "2026-09-30T04:36:16.839Z" },
    { url = "https://files.pythonhosted.org/packages/bc/90/0660ef18e18df0a4d2a1a0edff7dfbba42d4e50ef2425557a5bb7051f77b/charset_normalizer-3.5.2-cp313-cp313-musllinux_1_2_s390x.whl", hash = "sha256:2c9ad19a6cfcd5ea5c0d41161d22f9df1dcc277e9bef2751391334546a314c00", size = 268565, upload-time = "2026-09-30T04:36:18.468Z" },
    { url = "https://files.pythonhosted.org/packages/79/ba/57adc269824e8658f1a0f97a9e514c247445a9632b3419b97e0ba37f16dc/charset_normalizer-3.5.2-cp313-cp313-musllinux_1_2_x86_64.whl", hash = "sha256:e243bd13217235fc7290c621941c3f5cc8b66e4872495be821d7436ba2fb838d", size = 257627, upload-time = "2026-09-30T04:36:19.938Z" },
    { url = "https://files.pythonhosted.org/packages/9a/85/33abd4315c052d3d4f54c92b1ee49bfbc0dc7115a981e462a793b6d2ab87/charset_normalizer-3.5.2-cp313-cp313-pyemscripten_2025_0_wasm32.whl", hash = "sha256:a090bb2c68df85450502e3e20d665e3a5af9c65a84d6508ed477badd49166fd3", size = 143407, upload-time = "2026-09-30T04:36:21.376Z" },
    { url = "https://files.pythonhosted.org/packages/4f/de/6435e18d1aaa5d910b896d551411c96af1f42a0c56c29afc2016c61ccc2e/charset_normalizer-3.5.2-cp313-cp313-win32.whl", hash = "sha256:2b7b3bbfb4fe8ef40600792d762fbaa9057559f9d3fad209525b7a22b99e91fd", size = 183207, upload-time = "2026-09-30T04:36:22.776Z" },
    { url = "https://files.pythonhosted.org/packages/9c/76/b8ec57f4e9ee3253541abf95e4a462c0175fe8032dcd070f1f2421240942/charset_normalizer-3.5.2-cp313-cp313-win_amd64.whl", hash = "sha256:78456a747de8dc58360ffa581f30a002baf5aa28cb262536545e91f113ed7639", size = 206489, upload-time = "2026-09-30T04:36:24.306Z" },
    { url = "https://files.pythonhosted.org/packages/3e/60/c647c6ae47480221e875ea5d743ff94946f7416e3c69415ab772928e8d32/charset_normalizer-3.5.2-cp313-cp313-win_arm64.whl", hash = "sha256:11912e4bb14baae7c5d8791aa55ba0a3a03ec6729073307b0f57270abaa713d3", size = 195501, upload-time = "2026-09-30T04:36:25.846Z" },
    { url = "https://files.pythonhosted.org/packages/8c/ab/176fbfd5b64939c55d652366aa5b9ef1d767af207a3aa6ebeb0d226c484d/charset_normalizer-3.5.2-cp37-abi3-macosx_10_9_universal2.whl", hash = "sha256:4275811936e2f06feff5e598fb42a1b7ae852da8e39605211892b56b81a34efd", size = 331815, upload-time = "2026-09-30T04:38:26.216Z" },
    { url = "https://files.pythonhosted.org/packages/7e/84/371eac6b30bdbcbf2d632a1a01809103459216fcaae61b8b8d922c1bfb8a/charset_normalizer-3.5.2-cp37-abi3-manylinux1_x86_64.manylinux_2_28_x86_64.manylinux_2_5_x86_64.whl", hash = "sha256:1c50fe28bbc2ced33386f298650d91218076c05420e6cbd790b913adc41659e7", size = 253276, upload-time = "2026-09-30T04:38:28.032Z" },
    { url = "https://files.pythonhosted.org/packages/43/6f/c4fbae58febff71709c51bc7e18fdfa55341dc382704740f9f0cbf03817b/charset_normalizer-3.5.2-cp37-abi3-manylinux2014_aarch64.manylinux_2_17_aarch64.manylinux_2_28_aarch64.whl", hash = "sha256:d19fbd981a488e22cd04883659ca6b08f50b5974f9fd7c95655ef6a043e5893f", size = 241239, upload-time = "2026-09-30T04:38:29.732Z" },
    { url = "https://files.pythonhosted.org/packages/61/71/458c3f42164a07d0c5210798e9e704b39e540a6793b05aba67f3a35243a9/charset_normalizer-3.5.2-cp37-abi3-manylinux2014_armv7l.manylinux_2_17_armv7l.manylinux_2_31_armv7l.whl", hash = "sha256:0fed1d06615f022ee3b13caf5e8b180cfea32bb2c5aded8a9d44277afc040f93", size = 231121, upload-time = "2026-09-30T04:38:31.462Z" },
    { url = "https://files.pythonhosted.org/packages/09/54/ab9e89367076f6331bb6c65c4bf14a5361fa5191cb6561bf534f18504e1b/charset_normalizer-3.5.2-cp37-abi3-manylinux2014_ppc64le.manylinux_2_17_ppc64le.manylinux_2_28_ppc64le.whl", hash = "sha256:838dcc90063569a0448120554591a1d6c4a4ffe11babf048908793154ab86ade", size = 260350, upload-time = "2026-09-30T04:38:33.239Z" },
    { url = "https://files.pythonhosted.org/packages/7c/c1/061431ecc688d9d76602502cb57cc01e691e682c18f1beb45f9673b5bbd2/charset_normalizer-3.5.2-cp37-abi3-manylinux2014_s390x.manylinux_2_17_s390x.manylinux_2_28_s390x.whl", hash = "sha256:2ce45c6627b22c47e390bc91a41c3d13032192e699fa0bea96e9671b373d69b0", size = 255430, upload-time = "2026-09-30T04:38:34.865Z" },
    { url = "https://files.pythonhosted.org/packages/8d/1f/20c8949f0676f7ab811abdeb7f4d7f1cbc6e61ff20bef08b44edeb092bc8/charset_normalizer-3.5.2-cp37-abi3-manylinux_2_31_riscv64.manylinux_2_39_riscv64.whl", hash = "sha256:0774bf9bf620249fee3e0b8b9fd3065de213be30f3aa94ce2494b3b638949e26", size = 250612, upload-time = "2026-09-30T04:38:36.649Z" },
    { url = "https://files.pythonhosted.org/packages/2b/9e/46f2fa4c431fc98c4ae76a8cb5bdca54e0341e3cfc3fcfd8e82740250818/charset_normalizer-3.5.2-cp37-abi3-musllinux_1_2_aarch64.whl", hash = "sha256:1db38f4c5496827c1a501846d64d14c3b80c7e6714e406cd7dc36a9899fa1011", size = 242083, upload-time = "2026-09-30T04:38:38.26Z" },
    { url = "https://files.pythonhosted.org/packages/bd/39/559be29a0c0f086e0bba6922babd38916cc5e0b58ced4de13ee01ea05508/charset_normalizer-3.5.2-cp37-abi3-musllinux_1_2_armv7l.whl", hash = "sha256:304d8e4d493af723536393eee0c689eb7813f4a474c8b479dee63f1fdd98f621", size = 232738, upload-time = "2026-09-30T04:38:39.81Z" },
    { url = "https://files.pythonhosted.org/packages/ff/6c/387b0e4f756a282831c1d9fc6aeb6c51ca4507ca202767c8de15ce9b12e2/charset_normalizer-3.5.2-cp37-abi3-musllinux_1_2_ppc64le.whl", hash = "sha256:9b7f416ff0978e2f2249330527f0ad6fa02f4932e6199692d3b52da2048c19e4", size = 260703, upload-time = "2026-09-30T04:38:41.346Z" },
    { url = "https://files.pythonhosted.org/packages/96/92/1fdf015f09ef449f50d3ac4b67c90887c9c318b727daa95cc4f866e6521d/charset_normalizer-3.5.2-cp37-abi3-musllinux_1_2_riscv64.whl", hash = "sha256:01077390b03f7988f11d700a2194e69b119741a86b1a638b1db88891e3eced8e", size = 247622, upload-time = "2026-09-30T04:38:42.937Z" },
    { url = "https://files.pythonhosted.org/packages/dc/3c/8e7b8a5671ad5d433669fb2a76f1a0164df2d9b1718b0206bc2a16d840cc/charset_normalizer-3.5.2-cp37-abi3-musllinux_1_2_s390x.whl", hash = "sha256:7e841fb9010836c992c9f12fcbd43a831de93a5f726fc1ccd8ca1d0268c5014c", size = 257500, upload-time = "2026-09-30T04:38:44.604Z" },
    { url = "https://files.pythonhosted.org/packages/b4/f0/45b579df5cabc1d5d53ea1cc35e8437d3ca768c0acccc7041517cb6fbb32/charset_normalizer-3.5.2-cp37-abi3-musllinux_1_2_x86_64.whl", hash = "sha256:9cae88599c7219005d879f98e5ed53341e9a122af585e1091200358a3003d2a0", size = 255100, upload-time = "2026-09-30T04:38:46.289Z" },
    { url = "https://files.pythonhosted.org/packages/31/68/fdec18a343f5fb3f310588dd478b09ac4799e0b187dbade3a8cd776f03ef/charset_normalizer-3.5.2-cp37-abi3-win32.whl", hash = "sha256:01b0c0d2262a9e28e8484a278c7e1b5d650e3ac8cf2683d2967e25899f208bdf", size = 174499, upload-time = "2026-09-30T04:38:47.999Z" },
    { url = "https://files.pythonhosted.org/packages/9d/8a/b618149cc5207943a0242068d7a27897f56a62947b5a039085f2a22029f8/charset_normalizer-3.5.2-cp37-abi3-win_amd64.whl", hash = "sha256:9f56f72050826f63dcee7a7f55b0a77168cb3bfc553fd405e7f8f9ece75a4036", size = 200092, upload-time = "2026-09-30T04:38:49.707Z" },
    { url = "https://files.pythonhosted.org/packages/03/cf/4c66866fa9e2b1c78e3c911516d1de497a677b7ac60f1eceda74ce777ca3/charset_normalizer-3.5.2-cp37-abi3-win_arm64.whl", hash = "sha256:40ab6bffa02ae10a0581e6c198be7d2d8ca5c2a0c64e4ed3465d766df457573e", size = 294363, upload-time = "2026-09-30T04:38:51.312Z" },
    { url = "https://files.pythonhosted.org/packages/fc/ad/d07d7862a62ffa6d79d68074d14823243dd235a77c45262acbf6adeb28bf/charset_normalizer-3.5.2-py3-none-any.whl", hash = "sha256:b6b751274acb69d77b3323d6b7dbaa3c7fdfc1eb829b7eb61d262f32e1af9685", size = 68872, upload-time = "2026-09-30T04:39:21.828Z" },
]

[[package]]
name = "idna"
version = "3.20"
source = { registry = "https://pypi.org/simple" }
sdist = { url = "https://files.pythonhosted.org/packages/f5/08/8eea9d4b8302028f3abb2c0813953f7aec26d33b7a8960ed760e65ff29fa/idna-3.20.tar.gz", hash = "sha256:a7db850025b95ded1eae8a46181a1a6c56c92c96f0e2b005d9ff8dc0210cab44", size = 216463, upload-time = "2026-09-17T14:11:04.752Z" }
wheels = [
    { url = "https://files.pythonhosted.org/packages/58/a2/bb081bab032533a855d44de1d56f8e8426114ff1ba5d1f07a438a0a654f8/idna-3.20-py3-none-any.whl", hash = "sha256:ab7ae7122974553370f0bdb919e1a960b2cd1bc1ef0276416d896db81c14582c", size = 69583, upload-time = "2026-09-17T14:11:03.168Z" },
]

[[package]]
name = "mako"
version = "1.4.3"
source = { registry = "https://pypi.org/simple" }
dependencies = [
    { name = "markupsafe" },
]
sdist = { url = "https://files.pythonhosted.org/packages/5a/09/e07c4b5579a79f4b16f8d4f29f6c54514ac787c4ad506b8c4f28a0e6b0bf/mako-1.4.3.tar.gz", hash = "sha256:cd6537fe88d5fec315c55c2f8529bc4ce7a9a352ad7db3eeaa6a66e2dd4ec37a", size = 412799, upload-time = "2026-09-22T20:54:31.509Z" }
wheels = [
    { url = "https://files.pythonhosted.org/packages/6d/a0/053d6af3e8f871e0073b4a36732d9e65be77a72e5434c31b94f6af78a6bb/mako-1.4.3-py3-none-any.whl", hash = "sha256:723296007c870bfd6b3f0c3230dba7198096e5269297ebf5e4eff9e7ffa39d4f", size = 80164, upload-time = "2026-09-22T20:54:33.128Z" },
]

[[package]]
name = "markupsafe"
version = "3.0.4"
source = { registry = "https://pypi.org/simple" }
sdist = { url = "https://files.pythonhosted.org/packages/38/9b/e422a865e1d5d57d0e509b4e0bf1c1a70a7f6382c29a5aa428df994c8bc8/markupsafe-3.0.4.tar.gz", hash = "sha256:2e9ad7dd851bf45fab9f75cbff4cb493fee9979e8d8c7c9c3ee119022518edd6", size = 153777, upload-time = "2026-10-02T23:07:22.29Z" }
wheels = [
    { url = "https://files.pythonhosted.org/packages/6d/18/4bc5ba32499e87bb2b0ef5b3a9bb9c00a131fa961ddf0be548cb550f548b/markupsafe-3.0.4-cp313-cp313-android_24_arm64_v8a.whl", hash = "sha256:de8b364c423ef0a4bad9069657d617f9a5d2b2062457a89b1fa16ee199c399c1", size = 12786, upload-time = "2026-10-02T23:05:08.709Z" },
    { url = "https://files.pythonhosted.org/packages/4e/6f/17f0c099bf25f3e31e63cc19244d9f6af861a9a4ab778c203997903cfdd0/markupsafe-3.0.4-cp313-cp313-android_24_x86_64.whl", hash = "sha256:34bdde374c5932765d7dc685c4a1d191a3207852d67e8e0a9eb6ea85156181f1", size = 12510, upload-time = "2026-10-02T23:05:09.93Z" },
    { url = "https://files.pythonhosted.org/packages/11/af/1a141081b905036ee904ec4bd945e1f70b4e1b32d33c4e59e8cf1d58b247/markupsafe-3.0.4-cp313-cp313-ios_13_0_arm64_iphoneos.whl", hash = "sha256:6bd9e1788e15bfcf6a9082de42e30387e7b85d211ab21e57a939bb8cfaaf8d96", size = 11583, upload-time = "2026-10-02T23:05:10.884Z" },
    { url = "https://files.pythonhosted.org/packages/e7/0a/a89385ae590232622a03e091805cff12f24fabe6c11e0e8bae096cece81c/markupsafe-3.0.4-cp313-cp313-ios_13_0_arm64_iphonesimulator.whl", hash = "sha256:5066b244f576f91afc8ee3ba029a89f99d39c79b1853fe9d39bea9f0afbec148", size = 11801, upload-time = "2026-10-02T23:05:11.913Z" },
    { url = "https://files.pythonhosted.org/packages/ed/85/ea548dc013962eb73653124bc595635fbf9e0fa41d1f181a967ccb784dfb/markupsafe-3.0.4-cp313-cp313-ios_13_0_x86_64_iphonesimulator.whl", hash = "sha256:7a83aa6e4805df46fed18e989d3d16f86ef60cb50bbc8d9ce3a6be89165fbf6e", size = 11443, upload-time = "2026-10-02T23:05:12.887Z" },
    { url = "https://files.pythonhosted.org/packages/cc/72/15f2e5ec9cf2eb00d5cdfe968d94e4156a7bd7303832c3f3b2c403a36839/markupsafe-3.0.4-cp313-cp313-macosx_10_13_x86_64.whl", hash = "sha256:2d1b7d9308288661f56672b1b157d75fc536714d3638487bbea17b6318a78248", size = 11665, upload-time = "2026-10-02T23:05:13.829Z" },
    { url = "https://files.pythonhosted.org/packages/ca/e0/4030bea613677e333c8a2c901fd405055f657f9d06acba5b7357984b6ef7/markupsafe-3.0.4-cp313-cp313-macosx_11_0_arm64.whl", hash = "sha256:73e77980c7207854f00fc4e71fb1626868d5740ab4012623d55c7a99ad122a72", size = 12061, upload-time = "2026-10-02T23:05:14.807Z" },
    { url = "https://files.pythonhosted.org/packages/f3/a5/28b76a7449eb702966b88bef599e2360b411fbb3afeee8fe560939be06ec/markupsafe-3.0.4-cp313-cp313-manylinux2014_aarch64.manylinux_2_17_aarch64.manylinux_2_28_aarch64.whl", hash = "sha256:7018d4af1cd272e847aa5917983ab5e83e4f6579f9dbfecd4a79c0ca80b144c2", size = 24395, upload-time = "2026-10-02T23:05:15.909Z" },
    { url = "https://files.pythonhosted.org/packages/07/6c/21232811afc3a063b5e934b1ae2efda52f46154ec382f585149c020e61fe/markupsafe-3.0.4-cp313-cp313-manylinux2014_armv7l.manylinux_2_17_armv7l.manylinux_2_31_armv7l.whl", hash = "sha256:c90d5b3d4e944e065a301d741b3c1d784f6bd1f503aa68b4967e32b2ba313d85", size = 27183, upload-time = "2026-10-02T23:05:16.976Z" },
    { url = "https://files.pythonhosted.org/packages/14/38/6ccdfa5b59049cb36fb80cbc80aee9cf1fc9bb77d1335ad435f2070b08cf/markupsafe-3.0.4-cp313-cp313-manylinux2014_ppc64le.manylinux_2_17_ppc64le.manylinux_2_28_ppc64le.whl", hash = "sha256:18a801868a884f216e784d7d14db2a4077143ce7610440aee2ce8f734e7cfcde", size = 24772, upload-time = "2026-10-02T23:05:18.209Z" },
    { url = "https://files.pythonhosted.org/packages/63/e0/cec6865dfe88cb48fedd4b20aed6af5158e41092adcbf3e028bcc6ec2108/markupsafe-3.0.4-cp313-cp313-manylinux2014_x86_64.manylinux_2_17_x86_64.manylinux_2_28_x86_64.whl", hash = "sha256:434139499bb20b502ed3baa1f169e618f924a97e7a777fea1a49446d80106cf6", size = 23017, upload-time = "2026-10-02T23:05:19.286Z" },
    { url = "https://files.pythonhosted.org/packages/ee/76/6ed4940bb7648a9aac457c14f870cfdd5105f139a0fb1f29cd61fafa47d1/markupsafe-3.0.4-cp313-cp313-manylinux_2_31_riscv64.manylinux_2_39_riscv64.whl", hash = "sha256:9e227f3dbe6bde7491cf0a9965d00b88c6b1a4a95d11480ddf88bb96d397c19f", size = 22036, upload-time = "2026-10-02T23:05:20.352Z" },
    { url = "https://files.pythonhosted.org/packages/a1/4f/ed476226d4fe46a09090a36025bf319296810028df55eb12f1253b540f3a/markupsafe-3.0.4-cp313-cp313-musllinux_1_2_aarch64.whl", hash = "sha256:b8cd1f918b26fd7b1832ece557cc18f2d8747309ff8b3f0ef9d4250c5ad67a39", size = 23786, upload-time = "2026-10-02T23:05:21.576Z" },
    { url = "https://files.pythonhosted.org/packages/9a/35/66ff30450e35ef5fba9ebc930c9411747e537fd9447b65e44f5007e2b84d/markupsafe-3.0.4-cp313-cp313-musllinux_1_2_armv7l.whl", hash = "sha256:a5fcffb37e602b0b3c1638a97746b9b96125caa9bcf6fa41d337a9261de231ee", size = 22672, upload-time = "2026-10-02T23:05:22.922Z" },
    { url = "https://files.pythonhosted.org/packages/32/0b/72f45ce4b4efcbca4b80cf1b06703eff0be8d37e82abb78f66c85a7ead1e/markupsafe-3.0.4-cp313-cp313-musllinux_1_2_ppc64le.whl", hash = "sha256:5989cb26b2e1efc6a42216a9f6b5ee495ce5ace2e5b352a9af489976b32d1ee2", size = 24107, upload-time = "2026-10-02T23:05:24.175Z" },
    { url = "https://files.pythonhosted.org/packages/d2/03/71776e5fdcba04614b384cc102e8a4198208579d896fd1394cb7cb9aa900/markupsafe-3.0.4-cp313-cp313-musllinux_1_2_riscv64.whl", hash = "sha256:add96447a86d205ab616665d53b2950ee81083757f56e6ea833c8b2917646b46", size = 21615, upload-time = "2026-10-02T23:05:25.215Z" },
    { url = "https://files.pythonhosted.org/packages/ab/5f/801ce02a02e7aee0f784b1ec7843026178f6adeb9c93ac67eb1992a9a84d/markupsafe-3.0.4-cp313-cp313-musllinux_1_2_x86_64.whl", hash = "sha256:2628d3a8cb648ecebb3c5d6b0a1052d400e4d8b7ac0fb786be8d285b50040d17", size = 23076, upload-time = "2026-10-02T23:05:26.423Z" },
    { url = "https://files.pythonhosted.org/packages/4a/85/c43776625428f3bb4a61e8633940400e3efe6409e3c6f5bff26de5e45618/markupsafe-3.0.4-cp313-cp313-win32.whl", hash = "sha256:672d207103e6b16ca098611b0f9efad6bc00afd47c03d6ef62186495ca677dc0", size = 14118, upload-time = "2026-10-02T23:05:27.716Z" },
    { url = "https://files.pythonhosted.org/packages/6f/36/163da64de88a13db79214ef75fa041be7fa13bdb42261cf5b7484de14bfb/markupsafe-3.0.4-cp313-cp313-win_amd64.whl", hash = "sha256:1f1f9477e174582b0a1b583d60b66e1f2cf5d3fe12cee985e4aedf44766600e5", size = 14313, upload-time = "2026-10-02T23:05:28.749Z" },
    { url = "https://files.pythonhosted.org/packages/9f/a8/9b662783ffaa1149221432a923cee562f78b9cbbb8baa3df9b3753e63e1e/markupsafe-3.0.4-cp313-cp313-win_arm64.whl", hash = "sha256:06de8ef6331f6e822c28d577dc8bf43fe398800477c49498f38fc38b67ff33fc", size = 14189, upload-time = "2026-10-02T23:05:29.917Z" },
]

[[package]]
name = "mdnx-auto-dl"
version = "3.4.2"
source = { virtual = "." }
dependencies = [
    { name = "alembic" },
    { name = "pydantic" },
    { name = "requests" },
    { name = "ruamel-yaml" },
    { name = "sqlalchemy" },
]

[package.dev-dependencies]
dev = [
    { name = "ruff" },
]

[package.metadata]
requires-dist = [
    { name = "alembic", specifier = ">=1.18.0" },
    { name = "pydantic", specifier = ">=2.13.0" },
    { name = "requests", specifier = ">=2.34.0" },
    { name = "ruamel-yaml", specifier = ">=0.19.0" },
    { name = "sqlalchemy", specifier = ">=2.0.50" },
]

[package.metadata.requires-dev]
dev = [{ name = "ruff", specifier = ">=0.16.0" }]

[[package]]
name = "pydantic"
version = "2.13.5"
source = { registry = "https://pypi.org/simple" }
dependencies = [
    { name = "annotated-types" },
    { name = "pydantic-core" },
    { name = "typing-extensions" },
    { name = "typing-inspection" },
]
sdist = { url = "https://files.pythonhosted.org/packages/53/ef/fc4f868f4e2cee79f863883abffceff107875f569b848507319842d2a681/pydantic-2.13.5.tar.gz", hash = "sha256:51a9c5f7b2f8e636f04c6cada605d9b6a3bf1348fdf945a3d8869b19bba0ee08", size = 845750, upload-time = "2026-08-28T14:04:00.916Z" }
wheels = [
    { url = "https://files.pythonhosted.org/packages/eb/47/c95ffc2009878c7aac0c5e08528022dcb885933252a88b5f170058014464/pydantic-2.13.5-py3-none-any.whl", hash = "sha256:346a034f080da3755d8e9cb5e00e8b07de1d39e4f6e2c87d8ab7cafa0b269a73", size = 472589, upload-time = "2026-08-28T14:03:59.136Z" },
]

[[package]]
name = "pydantic-core"
version = "2.46.5"
source = { registry = "https://pypi.org/simple" }
dependencies = [
    { name = "typing-extensions" },
]
sdist = { url = "https://files.pythonhosted.org/packages/af/f9/8a06bea35ef8daf588f707784c973a7046e0034c8d8cfb08828eeffb8b75/pydantic_core-2.46.5.tar.gz", hash = "sha256:10416c15b8839ecc4ef4d0885da76da6fd0f67333a0eb8aff6d93c4b8f2910fc", size = 472262, upload-time = "2026-08-28T10:01:31.677Z" }
wheels = [
    { url = "https://files.pythonhosted.org/packages/f5/37/5abe39a8372a61d3dc3c1338fc504281c01b32fdb3169cd7187153b56d3e/pydantic_core-2.46.5-cp313-cp313-macosx_10_12_x86_64.whl", hash = "sha256:b7ca9034437b6022f941f4857459562ee00a560b97e7cce8a0ec5a74fc6766e0", size = 2075885, upload-time = "2026-08-28T09:58:47.856Z" },
    { url = "https://files.pythonhosted.org/packages/21/43/6323b1f8b217780454c61304bcd2b38ae4762f50754414124603ccc90bb2/pydantic_core-2.46.5-cp313-cp313-macosx_11_0_arm64.whl", hash = "sha256:f332f0e72a5a0400141f830744e141bf9f97917878dbe968669e8a7fefea78ff", size = 1922768, upload-time = "2026-08-28T09:58:49.58Z" },
    { url = "https://files.pythonhosted.org/packages/0f/a3/c05ca796e1197618a774b01e596aeedfefc2f7d8c01ae3054e910b120e8a/pydantic_core-2.46.5-cp313-cp313-manylinux_2_17_aarch64.manylinux2014_aarch64.whl", hash = "sha256:193375f3548919d3f0b60936ca113ada3e38f264f91b9b8e0508efaad57be931", size = 1951241, upload-time = "2026-08-28T09:58:51.511Z" },
    { url = "https://files.pythonhosted.org/packages/68/32/33bc39ac705c52cffc908e8389f9754fdb208aea5c69cceddf4eb3ce99af/pydantic_core-2.46.5-cp313-cp313-manylinux_2_17_armv7l.manylinux2014_armv7l.whl", hash = "sha256:79bdfa52f843137045b2d081cc05c120ba6665d29b7559c2c47690906f39279f", size = 2031975, upload-time = "2026-08-28T09:58:53.166Z" },
    { url = "https://files.pythonhosted.org/packages/b0/70/2333e885c0f6a67bc105c5916965dac9b57f2718ee20d81d1a06a4ebdc13/pydantic_core-2.46.5-cp313-cp313-manylinux_2_17_ppc64le.manylinux2014_ppc64le.whl", hash = "sha256:24922243639cbdac66c75fcb6fd6495a9cb52b213d62f9a0d16f0310b1ff8038", size = 2208542, upload-time = "2026-08-28T09:58:55.017Z" },
    { url = "https://files.pythonhosted.org/packages/f7/ea/296debfb4264207bbda5936133892e027c0a58875ad53ebd512fba8ec3a2/pydantic_core-2.46.5-cp313-cp313-manylinux_2_17_s390x.manylinux2014_s390x.whl", hash = "sha256:c76fe65e607be28c7fd4d56fc3c42b1583aa058ce3408b7ad0fd540171d31f9f", size = 2264692, upload-time = "2026-08-28T09:58:56.767Z" },
    { url = "https://files.pythonhosted.org/packages/d3/f2/9e4de77a6271e07a76d2d58b11c091a979c191ed2939bf80067568b369d2/pydantic_core-2.46.5-cp313-cp313-manylinux_2_17_x86_64.manylinux2014_x86_64.whl", hash = "sha256:6f7b393a8b3da82f5c1fc0751e6d01ac6c55b93c18226a60bdfba4a724efafd1", size = 2066633, upload-time = "2026-08-28T09:58:58.531Z" },
    { url = "https://files.pythonhosted.org/packages/8d/db/f9e9d0c97445987b2084823d5c240de88087338f04fc2cfaa2df186b8049/pydantic_core-2.46.5-cp313-cp313-manylinux_2_31_riscv64.whl", hash = "sha256:7ac031912d54f3d83ef3b3eb98dfabc1608802e2202263d25957eeed40b94761", size = 2105235, upload-time = "2026-08-28T09:59:00.421Z" },
    { url = "https://files.pythonhosted.org/packages/07/c5/79169b047b3b2c3e99e04bc76372af9637e0bf6db638274fa927df96369e/pydantic_core-2.46.5-cp313-cp313-manylinux_2_5_i686.manylinux1_i686.whl", hash = "sha256:837b396ca3d7b74091ca623f6cbd8351bd42d670a79c2683e79fb089f06a2de5", size = 2157367, upload-time = "2026-08-28T09:59:02.442Z" },
    { url = "https://files.pythonhosted.org/packages/26/b5/ba6057afb7c291bd449f51b867f95aef2072941c4ce4e5c31d6ffd132d3b/pydantic_core-2.46.5-cp313-cp313-musllinux_1_1_aarch64.whl", hash = "sha256:5ee239d575f80b08eca11f6e20f90c4c695de7825c67eefe6091fbf20dda648e", size = 2158420, upload-time = "2026-08-28T09:59:04.2Z" },
    { url = "https://files.pythonhosted.org/packages/6e/28/2057abecaafdc22912afa819603a51f0a62d40643b7c4871c51721fea9be/pydantic_core-2.46.5-cp313-cp313-musllinux_1_1_armv7l.whl", hash = "sha256:e80675d75ae2cd14372cb65cad5400d9347a3d3f6c13000183f22dfd027283ed", size = 2309588, upload-time = "2026-08-28T09:59:06.048Z" },
    { url = "https://files.pythonhosted.org/packages/71/9d/881156dc404e27479c4246128d73538464cab4a239bec61995e227644c30/pydantic_core-2.46.5-cp313-cp313-musllinux_1_1_x86_64.whl", hash = "sha256:9c4b71f10dd532fb7a5cbc8f58707779e64f03a258c2bf8bfbaecfcd9970b519", size = 2341866, upload-time = "2026-08-28T09:59:08.539Z" },
    { url = "https://files.pythonhosted.org/packages/5a/38/d66f443a259f84d13babdceae568e572b0ed26da17ca5d0a649ebb110a67/pydantic_core-2.46.5-cp313-cp313-win32.whl", hash = "sha256:97bf8de4d541598c94a59344eeb988a94c08ff76b5723c41f6567ec18c7892ea", size = 1938580, upload-time = "2026-08-28T09:59:10.402Z" },
    { url = "https://files.pythonhosted.org/packages/2c/1e/1d5371213f4cc9a7ed70c0bfcc7911de22311ee99a662a56077d7292d2ac/pydantic_core-2.46.5-cp313-cp313-win_amd64.whl", hash = "sha256:15f4a94963c95accac15b7b657bb177d3ad82bb90b0d0526d9a9b85079925db5", size = 2041980, upload-time = "2026-08-28T09:59:12.396Z" },
    { url = "https://files.pythonhosted.org/packages/5a/48/4222d90b1c67568bace4dec6dca6271449c66de3595d72b6d098f5fde597/pydantic_core-2.46.5-cp313-cp313-win_arm64.whl", hash = "sha256:d22a945598fb91236b4dd793a6e42e4f3dd7740bb5aace5ebd7d4c08d13bb575", size = 1997213, upload-time = "2026-08-28T09:59:14.245Z" },
]

[[package]]
name = "requests"
version = "2.34.2"
source = { registry = "https://pypi.org/simple" }
dependencies = [
    { name = "certifi" },
    { name = "charset-normalizer" },
    { name = "idna" },
    { name = "urllib3" },
]
sdist = { url = "https://files.pythonhosted.org/packages/ac/c3/e2a2b89f2d3e2179abd6d00ebd70bff6273f37fb3e0cc209f48b39d00cbf/requests-2.34.2.tar.gz", hash = "sha256:f288924cae4e29463698d6d60bc6a4da69c89185ad1e0bcc4104f584e960b9ed", size = 142856, upload-time = "2026-05-14T19:25:27.735Z" }
wheels = [
    { url = "https://files.pythonhosted.org/packages/a0/f4/c67b0b3f1b9245e8d266f0f112c500d50e5b4e83cb6f3b71b6528104182a/requests-2.34.2-py3-none-any.whl", hash = "sha256:2a0d60c172f83ac6ab31e4554906c0f3b3588d37b5cb939b1c061f4907e278e0", size = 73075, upload-time = "2026-05-14T19:25:26.443Z" },
]

[[package]]
name = "ruamel-yaml"
version = "0.19.1"
source = { registry = "https://pypi.org/simple" }
sdist = { url = "https://files.pythonhosted.org/packages/c7/3b/ebda527b56beb90cb7652cb1c7e4f91f48649fbcd8d2eb2fb6e77cd3329b/ruamel_yaml-0.19.1.tar.gz", hash = "sha256:53eb66cd27849eff968ebf8f0bf61f46cdac2da1d1f3576dd4ccee9b25c31993", size = 142709, upload-time = "2026-01-02T16:50:31.84Z" }
wheels = [
    { url = "https://files.pythonhosted.org/packages/b8/0c/51f6841f1d84f404f92463fc2b1ba0da357ca1e3db6b7fbda26956c3b82a/ruamel_yaml-0.19.1-py3-none-any.whl", hash = "sha256:27592957fedf6e0b62f281e96effd28043345e0e66001f97683aa9a40c667c93", size = 118102, upload-time = "2026-01-02T16:50:29.201Z" },
]

[[package]]
name = "ruff"
version = "0.16.10"
source = { registry = "https://pypi.org/simple" }
sdist = { url = "https://files.pythonhosted.org/packages/c4/49/23802c45f093eb14bde54b141d2b2f058edfa63a06db7beed047308cc08f/ruff-0.16.10.tar.gz", hash = "sha256:eff4728c4eaae93f0955cd264d24b2ab348e74bf59986ccf282ba6dc16b3b017", size = 4958724, upload-time = "2026-10-01T18:03:21.697Z" }
wheels = [
    { url = "https://files.pythonhosted.org/packages/2f/21/ebce22e1d90cdb2cd691026b9c6e9bec6499f0b396089481755b5d49efff/ruff-0.16.10-py3-none-linux_armv6l.whl", hash = "sha256:488b0fe3f3574210e5cf80d9f59b9e3ab17a127a8155de3f307b392589cfb511", size = 10095557, upload-time = "2026-10-01T18:02:36.072Z" },
    { url = "https://files.pythonhosted.org/packages/cb/98/a54de85876a8b2612bfa0d84c7b9abfb39c6a3354aee7800b09c1649b9e3/ruff-0.16.10-py3-none-macosx_10_12_x86_64.whl", hash = "sha256:e748ff95c934c4e978783b8e687bc174e7bd84e8ad24e3243e1ecfcda5e0282d", size = 10340577, upload-time = "2026-10-01T18:02:39.258Z" },
    { url = "https://files.pythonhosted.org/packages/9f/16/1a5a4a2657effe4806110f2b907313802f1367fcdbb29e8122766e407fab/ruff-0.16.10-py3-none-macosx_11_0_arm64.whl", hash = "sha256:3031a4a2e8e7b8a46f70be45f198c35a11ece509a94b80334d8d397a33c67550", size = 9774282, upload-time = "2026-10-01T18:02:41.79Z" },
    { url = "https://files.pythonhosted.org/packages/6e/fb/470085af734da396e68cd80fb0a3e7c109a459716ae59588c0f6fab8a17d/ruff-0.16.10-py3-none-manylinux_2_17_aarch64.manylinux2014_aarch64.whl", hash = "sha256:494401c86df4c4c25f69b9419605d944467ee98c42fb6ad405ef4fa40b8fb67d", size = 9920895, upload-time = "2026-10-01T18:02:44.458Z" },
    { url = "https://files.pythonhosted.org/packages/57/de/f10cffe4f88a37ea6615ec460f01bf76f0bc1477737a35d9ee61a630a78b/ruff-0.16.10-py3-none-manylinux_2_17_armv7l.manylinux2014_armv7l.whl", hash = "sha256:d203abc0ff2b773ee33d00ab8df0bb67046fbc7c07b119332f08b9b345cf8221", size = 9902707, upload-time = "2026-10-01T18:02:47.041Z" },
    { url = "https://files.pythonhosted.org/packages/ff/44/3fdcedf83ae60ef837dd239170e480dce606a9142cfa2db911afdf855fd9/ruff-0.16.10-py3-none-manylinux_2_17_i686.manylinux2014_i686.whl", hash = "sha256:bd83d1235a5258d318477bc5b576303974cbdef5df0c01a1bff14efcc23bd12a", size = 10619287, upload-time = "2026-10-01T18:02:49.485Z" },
    { url = "https://files.pythonhosted.org/packages/c1/62/02e76a5574002153618eafbb70e159468addc72a5d2c488e65cbb4639d2d/ruff-0.16.10-py3-none-manylinux_2_17_ppc64le.manylinux2014_ppc64le.whl", hash = "sha256:bc2610fb269fa56dd8a68669ae470fa6272902668c0fc2ebc3aa112b2633d5b8", size = 11339942, upload-time = "2026-10-01T18:02:52.008Z" },
    { url = "https://files.pythonhosted.org/packages/6b/c4/cde27d47ad8d4126c587e608c67c46e7feac11763f606d261a1bc8a489e6/ruff-0.16.10-py3-none-manylinux_2_17_s390x.manylinux2014_s390x.whl", hash = "sha256:3e70175e29cc94c26ea296c80e470180b744b7419026898e58f520c6ab32578e", size = 10934316, upload-time = "2026-10-01T18:02:54.811Z" },
    { url = "https://files.pythonhosted.org/packages/e4/03/17234145f302a645a123e8c3bb2411ecf4669fbc350de3b0d803230a1729/ruff-0.16.10-py3-none-manylinux_2_17_x86_64.manylinux2014_x86_64.whl", hash = "sha256:f33f43a864a8483eebd160e713336c8bab02c934feaff0a33cf5ccb41546d09a", size = 10387968, upload-time = "2026-10-01T18:02:57.497Z" },
    { url = "https://files.pythonhosted.org/packages/71/29/2493af60240ee7644b38a4b821f5f9c3b5a4fa3178770fe1d0c685217395/ruff-0.16.10-py3-none-manylinux_2_31_riscv64.whl", hash = "sha256:1dfc6f0088149fb6a362c1c446bcbb3fd2157b3852fe2fa68409276eab9ad9b3", size = 10537906, upload-time = "2026-10-01T18:03:00.006Z" },
    { url = "https://files.pythonhosted.org/packages/2e/9a/f56b28f3b143bb9e518c34fb89ab191b626bca8b70dbf8af0d2e2d473572/ruff-0.16.10-py3-none-musllinux_1_2_aarch64.whl", hash = "sha256:6553498afc35f580f036030795810b9e6bcea31604b0fd9e8d352795473042e3", size = 10012938, upload-time = "2026-10-01T18:03:03.006Z" },
    { url = "https://files.pythonhosted.org/packages/c2/c4/fca37362848ea4d4d80712df13632e645e7c7cfb1bdedf140699ac7a090b/ruff-0.16.10-py3-none-musllinux_1_2_armv7l.whl", hash = "sha256:a3b8471dea115d37f123882be852bed13403746d3a76c11de4a19ec5f9ff5a03", size = 9897945, upload-time = "2026-10-01T18:03:05.818Z" },
    { url = "https://files.pythonhosted.org/packages/7d/c7/e0bc57664d6e0c61fd22f620af260fe9662d7e1ddb320ea7f160e76ef165/ruff-0.16.10-py3-none-musllinux_1_2_i686.whl", hash = "sha256:92e59a70bcbd9d3a5483656da906ec28edfdacfce00afd99edb8b4e9d15644be", size = 10333134, upload-time = "2026-10-01T18:03:08.25Z" },
    { url = "https://files.pythonhosted.org/packages/21/aa/5c9f3b68737c0e4a33a1db5dfab44f7b786d96ca91a7233112ddab1e6dc2/ruff-0.16.10-py3-none-musllinux_1_2_x86_64.whl", hash = "sha256:7ae7375f803b5520dc9f546bed7e3a0acb70b91812e9bb4b19927de22f25b77d", size = 10741702, upload-time = "2026-10-01T18:03:10.775Z" },
    { url = "https://files.pythonhosted.org/packages/78/fa/0f9c2020dc316c53d983be011720b8157cc052b97e3f4dfa7db6d0f880a6/ruff-0.16.10-py3-none-win32.whl", hash = "sha256:2a12e01cb9156c10c466f63b46eaae5ecea28dfbd21b5836353ae498e7d1349a", size = 10139176, upload-time = "2026-10-01T18:03:13.267Z" },
    { url = "https://files.pythonhosted.org/packages/99/29/cfb0df9448d4d4ad48c2de029ada9ebd71baa6da983a6c77ee6c6cd0fe82/ruff-0.16.10-py3-none-win_amd64.whl", hash = "sha256:97f2015c92aa97105b0eab19eb5d224884399281cfc5da86a92db4ab5e7fb2ca", size = 10584734, upload-time = "2026-10-01T18:03:16.006Z" },
    { url = "https://files.pythonhosted.org/packages/fc/05/c16957eb287c3fc062e032619a25868d93d408a844b725bcf514f7a378ff/ruff-0.16.10-py3-none-win_arm64.whl", hash = "sha256:25a65fe998c4e6861ec079ada5826a2fc605e6cbccbe9dcd7fac1f54e791621b", size = 10366440, upload-time = "2026-10-01T18:03:19.04Z" },
]

[[package]]
name = "sqlalchemy"
version = "2.1.3"
source = { registry = "https://pypi.org/simple" }
dependencies = [
    { name = "typing-extensions" },
]
sdist = { url = "https://files.pythonhosted.org/packages/02/4b/81d972a46c9f1d978af1795e2abc988855c711453552cb45d75f6e4abbf5/sqlalchemy-2.1.3.tar.gz", hash = "sha256:ade5281df06038c6394f532590d592d3381ee5d11b9e0006a2570aef41145118", size = 10525778, upload-time = "2026-10-02T22:57:00.308Z" }
wheels = [
    { url = "https://files.pythonhosted.org/packages/1a/71/68c29931fb2c5178241f7d0c63dbdd800ad65685eac70d7f2117145b5e3c/sqlalchemy-2.1.3-cp313-cp313-macosx_11_0_arm64.whl", hash = "sha256:260bdd8baa1dc631d76d14b26ad009ebbb665b4469666afef8dcaa1f964016cb", size = 2457479, upload-time = "2026-10-03T02:39:19.741Z" },
    { url = "https://files.pythonhosted.org/packages/94/21/5dbd91816b2cdb367bca3195f300ffeca916762e088d6924fc33a18f50ad/sqlalchemy-2.1.3-cp313-cp313-manylinux2014_aarch64.manylinux_2_17_aarch64.manylinux_2_28_aarch64.whl", hash = "sha256:5fc01a8047d6a4f4e997441994f07af79fdd470fc80669751e32f91153d6b491", size = 4582199, upload-time = "2026-10-02T23:37:44.508Z" },
    { url = "https://files.pythonhosted.org/packages/32/d1/79962ce06d6cd34516def113f5170184fa9401ebddc59fd6cb18f6e919f3/sqlalchemy-2.1.3-cp313-cp313-manylinux2014_x86_64.manylinux_2_17_x86_64.manylinux_2_28_x86_64.whl", hash = "sha256:b1b3ff10eba0f9290142375e667351c99d24ee7fcff6e0f85bd8be9d39b50a17", size = 4632923, upload-time = "2026-10-02T23:35:55.318Z" },
    { url = "https://files.pythonhosted.org/packages/3c/94/03e98031dc9a1738c580c3bf01beeafe695f247eb647f4e8dda3fab2454f/sqlalchemy-2.1.3-cp313-cp313-manylinux_2_31_riscv64.manylinux_2_39_riscv64.whl", hash = "sha256:efb1ebf695e80d9a69f5bbff9d812d2491fd168b27d6b42ad4c8a4d3d6faaef1", size = 4300224, upload-time = "2026-10-02T23:46:45.495Z" },
    { url = "https://files.pythonhosted.org/packages/3a/1f/388c87607eb6c7abee4866355eeebb6221b3bcb413a64ce4a5cfc3edd22f/sqlalchemy-2.1.3-cp313-cp313-musllinux_1_2_aarch64.whl", hash = "sha256:a95754928d47b37ea5c4b5180101db2afabef1da0dd5cd0c573b547d5d036ff0", size = 4507170, upload-time = "2026-10-02T23:38:29.697Z" },
    { url = "https://files.pythonhosted.org/packages/57/73/5515a3f555d31748564fbeb0b9e0b6ab7a647bf2ea0cdb6d233f20f710e3/sqlalchemy-2.1.3-cp313-cp313-musllinux_1_2_riscv64.whl", hash = "sha256:7606b413730ac6002930faa96f52195ed6969040b78071a3336370661f5e9e09", size = 4301439, upload-time = "2026-10-02T23:46:47.845Z" },
    { url = "https://files.pythonhosted.org/packages/a3/a0/0eae9b96f6f8a09f3e5d388f6fc5d6fe8d5ff2aced2a5c75bea7333d445e/sqlalchemy-2.1.3-cp313-cp313-musllinux_1_2_x86_64.whl", hash = "sha256:76c3d5c7ada0925ff12e8c2395c547f88fcfccc13368ff8e8dd55ab5e28dcdab", size = 4594441, upload-time = "2026-10-03T02:46:16.928Z" },
    { url = "https://files.pythonhosted.org/packages/f5/b1/b6d681015414ce9048c07ef3ac49b693c1b8373de4716ee4bdeff4ec19a0/sqlalchemy-2.1.3-cp313-cp313-win32.whl", hash = "sha256:cb6fc5c856e8f1c0228bf74b636c0a03a6c12dd502ced7aa82ced21dcdc7f547", size = 2371547, upload-time = "2026-10-03T02:49:23.549Z" },
    { url = "https://files.pythonhosted.org/packages/56/ad/35aa4d737016640c6da7573a4bcd9d91b59a87359bc6df075627963a4781/sqlalchemy-2.1.3-cp313-cp313-win_amd64.whl", hash = "sha256:82d4c63d338737d593f1d29c4dae0a124577a9a76186d90b5c0f9ec9cbeeab35", size = 2421558, upload-time = "2026-10-03T02:49:25.448Z" },
    { url = "https://files.pythonhosted.org/packages/fc/42/0dcc7cd92a3f4773376a5488b6ce0d6d75d2d029ad7e7f9e0ecc5fb48fcd/sqlalchemy-2.1.3-cp313-cp313-win_arm64.whl", hash = "sha256:0ab6f42761cc5c48d2f3e8a70810d10630d8222a51a7111cf9b3a48f22c3f148", size = 2382507, upload-time = "2026-10-03T02:42:42.812Z" },
    { url = "https://files.pythonhosted.org/packages/e5/12/23d8fb7ed90e5b674006ace415ede1c60cdfc38ace50968b59ef42c22754/sqlalchemy-2.1.3-py3-none-any.whl", hash = "sha256:6f0cf4debd86cb5623a50310784bd005c215761ca7f618d0d4f46193d033675a", size = 2052603, upload-time = "2026-10-03T02:34:19.115Z" },
]

[[package]]
name = "typing-extensions"
version = "4.16.0"
source = { registry = "https://pypi.org/simple" }
sdist = { url = "https://files.pythonhosted.org/packages/f6/cc/6253133b5bb138fc3306cebfbda2c520f545d36b5be2c7255cc528bb45d6/typing_extensions-4.16.0.tar.gz", hash = "sha256:dc983d19a509c94dba722ee6abd33940f7c05a89e243c47e907eb4db6f1a43e5", size = 113555, upload-time = "2026-07-02T08:40:05.92Z" }
wheels = [
    { url = "https://files.pythonhosted.org/packages/49/d3/b8441a820a491ddfc024b0b0cf0393375b75ea13866d9c66727e54c2fc80/typing_extensions-4.16.0-py3-none-any.whl", hash = "sha256:481caa481374e813c1b176ada14e97f1f67a4539ce9cfeb3f350d78d6370c2e8", size = 45571, upload-time = "2026-07-02T08:40:04.659Z" },
]

[[package]]
name = "typing-inspection"
version = "0.4.4"
source = { registry = "https://pypi.org/simple" }
dependencies = [
    { name = "typing-extensions" },
]
sdist = { url = "https://files.pythonhosted.org/packages/a3/26/b09b8010994eccc3c09092e6b34058f36a460eea2d4c3e8b910c695975a0/typing_inspection-0.4.4.tar.gz", hash = "sha256:547274fa6b0a561ccf549cc9524b999a578e737d015d8709d021f9d0d13bea47", size = 76928, upload-time = "2026-08-12T12:37:25.997Z" }
wheels = [
    { url = "https://files.pythonhosted.org/packages/67/81/4add07e5172b7ac40d8ed5ff580409a7801a4fe26d529bdd915401dabfbe/typing_inspection-0.4.4-py3-none-any.whl", hash = "sha256:65b8397ba37ccbce054456aaccddfc91e6e3083c92824df348d96ca832f3f147", size = 14750, upload-time = "2026-08-12T12:37:24.648Z" },
]

[[package]]
name = "urllib3"
version = "2.8.0"
source = { registry = "https://pypi.org/simple" }
sdist = { url = "https://files.pythonhosted.org/packages/e3/05/b17359e1cefb4f909b5e40b1b90a496d987258916dbbf88e842c729f510e/urllib3-2.8.0.tar.gz", hash = "sha256:63bf2ead4c879426ebf22ef2a781eeb4aa3b4ae798a0435506f8687fd5bb9b63", size = 458972, upload-time = "2026-09-15T19:29:36.253Z" }
wheels = [
    { url = "https://files.pythonhosted.org/packages/92/9d/c4e665119135114480843e7ab388fa94d8480650450e6f8e26b70d323a4c/urllib3-2.8.0-py3-none-any.whl", hash = "sha256:0cf3cae568d36aa9576b28dfb35f11328f1cb974ca7647d9475ebb86c75ac6e3", size = 135717, upload-time = "2026-09-15T19:29:34.577Z" },
]
